
Microsoft Visual Studio Solution File, Format Version 12.00
# Visual Studio 15
VisualStudioVersion = 15.0.28010.2026
MinimumVisualStudioVersion = 10.0.40219.1
Project("{FAE04EC0-301F-11D3-BF4B-00C04F79EFBC}") = "WordWebAddIn4", "WordWebAddIn4\WordWebAddIn4.csproj", "{7A24DE37-0E12-44D7-85C6-A42648045057}"
EndProject
Project("{FAE04EC0-301F-11D3-BF4B-00C04F79EFBC}") = "WordWebAddIn4Web", "WordWebAddIn4Web\WordWebAddIn4Web.csproj", "{57B7C34F-F40F-4109-ADB0-83D5D77619B8}"
EndProject
Project("{FAE04EC0-301F-11D3-BF4B-00C04F79EFBC}") = "WebApplication1", "WebApplication1\WebApplication1.csproj", "{215BA1F6-F06A-44A2-BA54-48B1A6AF94B7}"
EndProject
Global
	GlobalSection(SolutionConfigurationPlatforms) = preSolution
		Debug|Any CPU = Debug|Any CPU
		Release|Any CPU = Release|Any CPU
	EndGlobalSection
	GlobalSection(ProjectConfigurationPlatforms) = postSolution
		{7A24DE37-0E12-44D7-85C6-A42648045057}.Debug|Any CPU.ActiveCfg = Debug|Any CPU
		{7A24DE37-0E12-44D7-85C6-A42648045057}.Debug|Any CPU.Build.0 = Debug|Any CPU
		{7A24DE37-0E12-44D7-85C6-A42648045057}.Debug|Any CPU.Deploy.0 = Debug|Any CPU
		{7A24DE37-0E12-44D7-85C6-A42648045057}.Release|Any CPU.ActiveCfg = Release|Any CPU
		{7A24DE37-0E12-44D7-85C6-A42648045057}.Release|Any CPU.Build.0 = Release|Any CPU
		{7A24DE37-0E12-44D7-85C6-A42648045057}.Release|Any CPU.Deploy.0 = Release|Any CPU
		{57B7C34F-F40F-4109-ADB0-83D5D77619B8}.Debug|Any CPU.ActiveCfg = Debug|Any CPU
		{57B7C34F-F40F-4109-ADB0-83D5D77619B8}.Debug|Any CPU.Build.0 = Debug|Any CPU
		{57B7C34F-F40F-4109-ADB0-83D5D77619B8}.Release|Any CPU.ActiveCfg = Release|Any CPU
		{57B7C34F-F40F-4109-ADB0-83D5D77619B8}.Release|Any CPU.Build.0 = Release|Any CPU
		{215BA1F6-F06A-44A2-BA54-48B1A6AF94B7}.Debug|Any CPU.ActiveCfg = Debug|Any CPU
		{215BA1F6-F06A-44A2-BA54-48B1A6AF94B7}.Debug|Any CPU.Build.0 = Debug|Any CPU
		{215BA1F6-F06A-44A2-BA54-48B1A6AF94B7}.Release|Any CPU.ActiveCfg = Release|Any CPU
		{215BA1F6-F06A-44A2-BA54-48B1A6AF94B7}.Release|Any CPU.Build.0 = Release|Any CPU
	EndGlobalSection
	GlobalSection(SolutionProperties) = preSolution
		HideSolutionNode = FALSE
	EndGlobalSection
	GlobalSection(ExtensibilityGlobals) = postSolution
		SolutionGuid = {0B193AB7-B0F5-400A-B780-7C376F9C5E8D}
	EndGlobalSection
EndGlobal
